
Microsoft Visual Studio Solution File, Format Version 12.00
# Visual Studio Version 17
VisualStudioVersion = 17.4.33110.190
MinimumVisualStudioVersion = 10.0.40219.1
Project("{FAE04EC0-301F-11D3-BF4B-00C04F79EFBC}") = "BranchTest.API", "BranchTest.API\BranchTest.API.csproj", "{4E8BE0DE-E3B0-4DCB-9777-D52C4E162CC5}"
EndProject
Global
	GlobalSection(SolutionConfigurationPlatforms) = preSolution
		Debug|Any CPU = Debug|Any CPU
		Release|Any CPU = Release|Any CPU
	EndGlobalSection
	GlobalSection(ProjectConfigurationPlatforms) = postSolution
		{4E8BE0DE-E3B0-4DCB-9777-D52C4E162CC5}.Debug|Any CPU.ActiveCfg = Debug|Any CPU
		{4E8BE0DE-E3B0-4DCB-9777-D52C4E162CC5}.Debug|Any CPU.Build.0 = Debug|Any CPU
		{4E8BE0DE-E3B0-4DCB-9777-D52C4E162CC5}.Release|Any CPU.ActiveCfg = Release|Any CPU
		{4E8BE0DE-E3B0-4DCB-9777-D52C4E162CC5}.Release|Any CPU.Build.0 = Release|Any CPU
	EndGlobalSection
	GlobalSection(SolutionProperties) = preSolution
		HideSolutionNode = FALSE
	EndGlobalSection
	GlobalSection(ExtensibilityGlobals) = postSolution
		SolutionGuid = {8FB9D3C1-36AD-446A-BC16-5282B59FAAA7}
	EndGlobalSection
EndGlobal
